// !$*UTF8*$!
{
	archiveVersion = 1;
	classes = {
	};
	objectVersion = 46;
	objects = {

/* Begin PBXBuildFile section */
		2A201B072032B15500475862 /* AppDelegate.swift in Sources */ = {isa = PBXBuildFile; fileRef = 2A201B062032B15500475862 /* AppDelegate.swift */; };
		2A201B092032B15500475862 /* LoginViewController.swift in Sources */ = {isa = PBXBuildFile; fileRef = 2A201B082032B15500475862 /* LoginViewController.swift */; };
		2A201B0C2032B15500475862 /* Main.storyboard in Resources */ = {isa = PBXBuildFile; fileRef = 2A201B0A2032B15500475862 /* Main.storyboard */; };
		2A201B0E2032B15500475862 /* Assets.xcassets in Resources */ = {isa = PBXBuildFile; fileRef = 2A201B0D2032B15500475862 /* Assets.xcassets */; };
		2A201B112032B15500475862 /* LaunchScreen.storyboard in Resources */ = {isa = PBXBuildFile; fileRef = 2A201B0F2032B15500475862 /* LaunchScreen.storyboard */; };
		2A201B1A2032B60800475862 /* RegisterViewController.swift in Sources */ = {isa = PBXBuildFile; fileRef = 2A201B192032B60800475862 /* RegisterViewController.swift */; };
		2A201B1D2032BFB600475862 /* BaseService.swift in Sources */ = {isa = PBXBuildFile; fileRef = 2A201B1C2032BFB600475862 /* BaseService.swift */; };
		2A201B202032C42400475862 /* Helper.swift in Sources */ = {isa = PBXBuildFile; fileRef = 2A201B1F2032C42400475862 /* Helper.swift */; };
		2A201B232032CBD100475862 /* AuthenticationService.swift in Sources */ = {isa = PBXBuildFile; fileRef = 2A201B222032CBD100475862 /* AuthenticationService.swift */; };
		2A3463D12032F43900B9C0FB /* ValidationError.swift in Sources */ = {isa = PBXBuildFile; fileRef = 2A3463D02032F43900B9C0FB /* ValidationError.swift */; };
		2A3463D32032F44900B9C0FB /* Base.swift in Sources */ = {isa = PBXBuildFile; fileRef = 2A3463D22032F44900B9C0FB /* Base.swift */; };
		2A3463D52033219600B9C0FB /* LoginModel.swift in Sources */ = {isa = PBXBuildFile; fileRef = 2A3463D42033219600B9C0FB /* LoginModel.swift */; };
		2A3463D72034467000B9C0FB /* BaseError.swift in Sources */ = {isa = PBXBuildFile; fileRef = 2A3463D62034467000B9C0FB /* BaseError.swift */; };
		2A3463DA203448DC00B9C0FB /* CommonExtensions.swift in Sources */ = {isa = PBXBuildFile; fileRef = 2A3463D9203448DB00B9C0FB /* CommonExtensions.swift */; };
		2ACB18FB2036B3E200441642 /* DefaultKeys.swift in Sources */ = {isa = PBXBuildFile; fileRef = 2ACB18FA2036B3E200441642 /* DefaultKeys.swift */; };
		3E604E518C9EB3D50A818B2F /* Pods_NewTodoApp.framework in Frameworks */ = {isa = PBXBuildFile; fileRef = 9BC14E1C42B45303C7B1EBE8 /* Pods_NewTodoApp.framework */; };
/* End PBXBuildFile section */

/* Begin PBXFileReference section */
		03FBF8361278755777883CDF /* Pods-NewTodoApp.debug.xcconfig */ = {isa = PBXFileReference; includeInIndex = 1; lastKnownFileType = text.xcconfig; name = "Pods-NewTodoApp.debug.xcconfig"; path = "Pods/Target Support Files/Pods-NewTodoApp/Pods-NewTodoApp.debug.xcconfig"; sourceTree = "<group>"; };
		2A201B032032B15500475862 /* NewTodoApp.app */ = {isa = PBXFileReference; explicitFileType = wrapper.application; includeInIndex = 0; path = NewTodoApp.app; sourceTree = BUILT_PRODUCTS_DIR; };
		2A201B062032B15500475862 /* AppDelegate.swift */ = {isa = PBXFileReference; lastKnownFileType = sourcecode.swift; path = AppDelegate.swift; sourceTree = "<group>"; };
		2A201B082032B15500475862 /* LoginViewController.swift */ = {isa = PBXFileReference; lastKnownFileType = sourcecode.swift; path = LoginViewController.swift; sourceTree = "<group>"; };
		2A201B0B2032B15500475862 /* Base */ = {isa = PBXFileReference; lastKnownFileType = file.storyboard; name = Base; path = Base.lproj/Main.storyboard; sourceTree = "<group>"; };
		2A201B0D2032B15500475862 /* Assets.xcassets */ = {isa = PBXFileReference; lastKnownFileType = folder.assetcatalog; path = Assets.xcassets; sourceTree = "<group>"; };
		2A201B102032B15500475862 /* Base */ = {isa = PBXFileReference; lastKnownFileType = file.storyboard; name = Base; path = Base.lproj/LaunchScreen.storyboard; sourceTree = "<group>"; };
		2A201B122032B15500475862 /* Info.plist */ = {isa = PBXFileReference; lastKnownFileType = text.plist.xml; path = Info.plist; sourceTree = "<group>"; };
		2A201B192032B60800475862 /* RegisterViewController.swift */ = {isa = PBXFileReference; fileEncoding = 4; lastKnownFileType = sourcecode.swift; path = RegisterViewController.swift; sourceTree = "<group>"; };
		2A201B1C2032BFB600475862 /* BaseService.swift */ = {isa = PBXFileReference; fileEncoding = 4; lastKnownFileType = sourcecode.swift; path = BaseService.swift; sourceTree = "<group>"; };
		2A201B1F2032C42400475862 /* Helper.swift */ = {isa = PBXFileReference; fileEncoding = 4; lastKnownFileType = sourcecode.swift; path = Helper.swift; sourceTree = "<group>"; };
		2A201B222032CBD100475862 /* AuthenticationService.swift */ = {isa = PBXFileReference; fileEncoding = 4; lastKnownFileType = sourcecode.swift; path = AuthenticationService.swift; sourceTree = "<group>"; };
		2A3463D02032F43900B9C0FB /* ValidationError.swift */ = {isa = PBXFileReference; fileEncoding = 4; lastKnownFileType = sourcecode.swift; path = ValidationError.swift; sourceTree = "<group>"; };
		2A3463D22032F44900B9C0FB /* Base.swift */ = {isa = PBXFileReference; fileEncoding = 4; lastKnownFileType = sourcecode.swift; path = Base.swift; sourceTree = "<group>"; };
		2A3463D42033219600B9C0FB /* LoginModel.swift */ = {isa = PBXFileReference; fileEncoding = 4; lastKnownFileType = sourcecode.swift; path = LoginModel.swift; sourceTree = "<group>"; };
		2A3463D62034467000B9C0FB /* BaseError.swift */ = {isa = PBXFileReference; fileEncoding = 4; lastKnownFileType = sourcecode.swift; path = BaseError.swift; sourceTree = "<group>"; };
		2A3463D9203448DB00B9C0FB /* CommonExtensions.swift */ = {isa = PBXFileReference; fileEncoding = 4; lastKnownFileType = sourcecode.swift; name = CommonExtensions.swift; path = ../CommonExtensions.swift; sourceTree = "<group>"; };
		2ACB18FA2036B3E200441642 /* DefaultKeys.swift */ = {isa = PBXFileReference; fileEncoding = 4; lastKnownFileType = sourcecode.swift; path = DefaultKeys.swift; sourceTree = "<group>"; };
		9BC14E1C42B45303C7B1EBE8 /* Pods_NewTodoApp.framework */ = {isa = PBXFileReference; explicitFileType = wrapper.framework; includeInIndex = 0; path = Pods_NewTodoApp.framework; sourceTree = BUILT_PRODUCTS_DIR; };
		C7CC7E0A633B369952DC77E1 /* Pods-NewTodoApp.release.xcconfig */ = {isa = PBXFileReference; includeInIndex = 1; lastKnownFileType = text.xcconfig; name = "Pods-NewTodoApp.release.xcconfig"; path = "Pods/Target Support Files/Pods-NewTodoApp/Pods-NewTodoApp.release.xcconfig"; sourceTree = "<group>"; };
/* End PBXFileReference section */

/* Begin PBXFrameworksBuildPhase section */
		2A201B002032B15500475862 /* Frameworks */ = {
			isa = PBXFrameworksBuildPhase;
			buildActionMask = 2147483647;
			files = (
				3E604E518C9EB3D50A818B2F /* Pods_NewTodoApp.framework in Frameworks */,
			);
			runOnlyForDeploymentPostprocessing = 0;
		};
/* End PBXFrameworksBuildPhase section */

/* Begin PBXGroup section */
		2A201AFA2032B15500475862 = {
			isa = PBXGroup;
			children = (
				2A201B052032B15500475862 /* NewTodoApp */,
				2A201B042032B15500475862 /* Products */,
				5585A938C11E2887C9CB8D9E /* Pods */,
				CB4A4B23BBC9EC3CBC74AD0B /* Frameworks */,
			);
			sourceTree = "<group>";
		};
		2A201B042032B15500475862 /* Products */ = {
			isa = PBXGroup;
			children = (
				2A201B032032B15500475862 /* NewTodoApp.app */,
			);
			name = Products;
			sourceTree = "<group>";
		};
		2A201B052032B15500475862 /* NewTodoApp */ = {
			isa = PBXGroup;
			children = (
				2A3463CE2032F40B00B9C0FB /* Models */,
				2A201B1E2032C41100475862 /* Helpers */,
				2A201B1B2032BFA500475862 /* Services */,
				2A201B062032B15500475862 /* AppDelegate.swift */,
				2A3463D9203448DB00B9C0FB /* CommonExtensions.swift */,
				2A201B082032B15500475862 /* LoginViewController.swift */,
				2A201B0A2032B15500475862 /* Main.storyboard */,
				2A201B0D2032B15500475862 /* Assets.xcassets */,
				2A201B0F2032B15500475862 /* LaunchScreen.storyboard */,
				2A201B122032B15500475862 /* Info.plist */,
				2A201B192032B60800475862 /* RegisterViewController.swift */,
			);
			path = NewTodoApp;
			sourceTree = "<group>";
		};
		2A201B1B2032BFA500475862 /* Services */ = {
			isa = PBXGroup;
			children = (
				2A201B1C2032BFB600475862 /* BaseService.swift */,
				2A201B222032CBD100475862 /* AuthenticationService.swift */,
			);
			name = Services;
			sourceTree = "<group>";
		};
		2A201B1E2032C41100475862 /* Helpers */ = {
			isa = PBXGroup;
			children = (
				2A201B1F2032C42400475862 /* Helper.swift */,
				2ACB18FA2036B3E200441642 /* DefaultKeys.swift */,
			);
			name = Helpers;
			sourceTree = "<group>";
		};
		2A3463CE2032F40B00B9C0FB /* Models */ = {
			isa = PBXGroup;
			children = (
				2A3463CF2032F42700B9C0FB /* Errors */,
				2A3463D22032F44900B9C0FB /* Base.swift */,
				2A3463D42033219600B9C0FB /* LoginModel.swift */,
			);
			name = Models;
			sourceTree = "<group>";
		};
		2A3463CF2032F42700B9C0FB /* Errors */ = {
			isa = PBXGroup;
			children = (
				2A3463D02032F43900B9C0FB /* ValidationError.swift */,
				2A3463D62034467000B9C0FB /* BaseError.swift */,
			);
			name = Errors;
			sourceTree = "<group>";
		};
		5585A938C11E2887C9CB8D9E /* Pods */ = {
			isa = PBXGroup;
			children = (
				03FBF8361278755777883CDF /* Pods-NewTodoApp.debug.xcconfig */,
				C7CC7E0A633B369952DC77E1 /* Pods-NewTodoApp.release.xcconfig */,
			);
			name = Pods;
			sourceTree = "<group>";
		};
		CB4A4B23BBC9EC3CBC74AD0B /* Frameworks */ = {
			isa = PBXGroup;
			children = (
				9BC14E1C42B45303C7B1EBE8 /* Pods_NewTodoApp.framework */,
			);
			name = Frameworks;
			sourceTree = "<group>";
		};
/* End PBXGroup section */

/* Begin PBXNativeTarget section */
		2A201B022032B15500475862 /* NewTodoApp */ = {
			isa = PBXNativeTarget;
			buildConfigurationList = 2A201B152032B15500475862 /* Build configuration list for PBXNativeTarget "NewTodoApp" */;
			buildPhases = (
				6DFED07F6F52721038F73707 /* [CP] Check Pods Manifest.lock */,
				2A201AFF2032B15500475862 /* Sources */,
				2A201B002032B15500475862 /* Frameworks */,
				2A201B012032B15500475862 /* Resources */,
				085EEA5D7BE063E6216E0BC2 /* [CP] Embed Pods Frameworks */,
				D296744CD6369E34AAA72E6C /* [CP] Copy Pods Resources */,
			);
			buildRules = (
			);
			dependencies = (
			);
			name = NewTodoApp;
			productName = NewTodoApp;
			productReference = 2A201B032032B15500475862 /* NewTodoApp.app */;
			productType = "com.apple.product-type.application";
		};
/* End PBXNativeTarget section */

/* Begin PBXProject section */
		2A201AFB2032B15500475862 /* Project object */ = {
			isa = PBXProject;
			attributes = {
				LastSwiftUpdateCheck = 0830;
				LastUpgradeCheck = 0830;
				ORGANIZATIONNAME = "Max Gaurav";
				TargetAttributes = {
					2A201B022032B15500475862 = {
						CreatedOnToolsVersion = 8.3.2;
						DevelopmentTeam = KM23S7D9W4;
						ProvisioningStyle = Automatic;
					};
				};
			};
			buildConfigurationList = 2A201AFE2032B15500475862 /* Build configuration list for PBXProject "NewTodoApp" */;
			compatibilityVersion = "Xcode 3.2";
			developmentRegion = English;
			hasScannedForEncodings = 0;
			knownRegions = (
				en,
				Base,
			);
			mainGroup = 2A201AFA2032B15500475862;
			productRefGroup = 2A201B042032B15500475862 /* Products */;
			projectDirPath = "";
			projectRoot = "";
			targets = (
				2A201B022032B15500475862 /* NewTodoApp */,
			);
		};
/* End PBXProject section */

/* Begin PBXResourcesBuildPhase section */
		2A201B012032B15500475862 /* Resources */ = {
			isa = PBXResourcesBuildPhase;
			buildActionMask = 2147483647;
			files = (
				2A201B112032B15500475862 /* LaunchScreen.storyboard in Resources */,
				2A201B0E2032B15500475862 /* Assets.xcassets in Resources */,
				2A201B0C2032B15500475862 /* Main.storyboard in Resources */,
			);
			runOnlyForDeploymentPostprocessing = 0;
		};
/* End PBXResourcesBuildPhase section */

/* Begin PBXShellScriptBuildPhase section */
		085EEA5D7BE063E6216E0BC2 /* [CP] Embed Pods Frameworks */ = {
			isa = PBXShellScriptBuildPhase;
			buildActionMask = 2147483647;
			files = (
			);
			inputPaths = (
				"${SRCROOT}/Pods/Target Support Files/Pods-NewTodoApp/Pods-NewTodoApp-frameworks.sh",
				"${BUILT_PRODUCTS_DIR}/Alamofire/Alamofire.framework",
				"${BUILT_PRODUCTS_DIR}/ObjectMapper/ObjectMapper.framework",
			);
			name = "[CP] Embed Pods Frameworks";
			outputPaths = (
				"${TARGET_BUILD_DIR}/${FRAMEWORKS_FOLDER_PATH}/Alamofire.framework",
				"${TARGET_BUILD_DIR}/${FRAMEWORKS_FOLDER_PATH}/ObjectMapper.framework",
			);
			runOnlyForDeploymentPostprocessing = 0;
			shellPath = /bin/sh;
			shellScript = "\"${SRCROOT}/Pods/Target Support Files/Pods-NewTodoApp/Pods-NewTodoApp-frameworks.sh\"\n";
			showEnvVarsInLog = 0;
		};
		6DFED07F6F52721038F73707 /* [CP] Check Pods Manifest.lock */ = {
			isa = PBXShellScriptBuildPhase;
			buildActionMask = 2147483647;
			files = (
			);
			inputPaths = (
				"${PODS_PODFILE_DIR_PATH}/Podfile.lock",
				"${PODS_ROOT}/Manifest.lock",
			);
			name = "[CP] Check Pods Manifest.lock";
			outputPaths = (
				"$(DERIVED_FILE_DIR)/Pods-NewTodoApp-checkManifestLockResult.txt",
			);
			runOnlyForDeploymentPostprocessing = 0;
			shellPath = /bin/sh;
			shellScript = "diff \"${PODS_PODFILE_DIR_PATH}/Podfile.lock\" \"${PODS_ROOT}/Manifest.lock\" > /dev/null\nif [ $? != 0 ] ; then\n    # print error to STDERR\n    echo \"error: The sandbox is not in sync with the Podfile.lock. Run 'pod install' or update your CocoaPods installation.\" >&2\n    exit 1\nfi\n# This output is used by Xcode 'outputs' to avoid re-running this script phase.\necho \"SUCCESS\" > \"${SCRIPT_OUTPUT_FILE_0}\"\n";
			showEnvVarsInLog = 0;
		};
		D296744CD6369E34AAA72E6C /* [CP] Copy Pods Resources */ = {
			isa = PBXShellScriptBuildPhase;
			buildActionMask = 2147483647;
			files = (
			);
			inputPaths = (
			);
			name = "[CP] Copy Pods Resources";
			outputPaths = (
			);
			runOnlyForDeploymentPostprocessing = 0;
			shellPath = /bin/sh;
			shellScript = "\"${SRCROOT}/Pods/Target Support Files/Pods-NewTodoApp/Pods-NewTodoApp-resources.sh\"\n";
			showEnvVarsInLog = 0;
		};
/* End PBXShellScriptBuildPhase section */

/* Begin PBXSourcesBuildPhase section */
		2A201AFF2032B15500475862 /* Sources */ = {
			isa = PBXSourcesBuildPhase;
			buildActionMask = 2147483647;
			files = (
				2A201B1D2032BFB600475862 /* BaseService.swift in Sources */,
				2A3463DA203448DC00B9C0FB /* CommonExtensions.swift in Sources */,
				2A201B1A2032B60800475862 /* RegisterViewController.swift in Sources */,
				2A3463D12032F43900B9C0FB /* ValidationError.swift in Sources */,
				2A201B092032B15500475862 /* LoginViewController.swift in Sources */,
				2ACB18FB2036B3E200441642 /* DefaultKeys.swift in Sources */,
				2A3463D52033219600B9C0FB /* LoginModel.swift in Sources */,
				2A201B232032CBD100475862 /* AuthenticationService.swift in Sources */,
				2A201B072032B15500475862 /* AppDelegate.swift in Sources */,
				2A3463D32032F44900B9C0FB /* Base.swift in Sources */,
				2A201B202032C42400475862 /* Helper.swift in Sources */,
				2A3463D72034467000B9C0FB /* BaseError.swift in Sources */,
			);
			runOnlyForDeploymentPostprocessing = 0;
		};
/* End PBXSourcesBuildPhase section */

/* Begin PBXVariantGroup section */
		2A201B0A2032B15500475862 /* Main.storyboard */ = {
			isa = PBXVariantGroup;
			children = (
				2A201B0B2032B15500475862 /* Base */,
			);
			name = Main.storyboard;
			sourceTree = "<group>";
		};
		2A201B0F2032B15500475862 /* LaunchScreen.storyboard */ = {
			isa = PBXVariantGroup;
			children = (
				2A201B102032B15500475862 /* Base */,
			);
			name = LaunchScreen.storyboard;
			sourceTree = "<group>";
		};
/* End PBXVariantGroup section */

/* Begin XCBuildConfiguration section */
		2A201B132032B15500475862 /* Debug */ = {
			isa = XCBuildConfiguration;
			buildSettings = {
				ALWAYS_SEARCH_USER_PATHS = NO;
				CLANG_ANALYZER_NONNULL = YES;
				CLANG_ANALYZER_NUMBER_OBJECT_CONVERSION = YES_AGGRESSIVE;
				CLANG_CXX_LANGUAGE_STANDARD = "gnu++0x";
				CLANG_CXX_LIBRARY = "libc++";
				CLANG_ENABLE_MODULES = YES;
				CLANG_ENABLE_OBJC_ARC = YES;
				CLANG_WARN_BOOL_CONVERSION = YES;
				CLANG_WARN_CONSTANT_CONVERSION = YES;
				CLANG_WARN_DIRECT_OBJC_ISA_USAGE = YES_ERROR;
				CLANG_WARN_DOCUMENTATION_COMMENTS = YES;
				CLANG_WARN_EMPTY_BODY = YES;
				CLANG_WARN_ENUM_CONVERSION = YES;
				CLANG_WARN_INFINITE_RECURSION = YES;
				CLANG_WARN_INT_CONVERSION = YES;
				CLANG_WARN_OBJC_ROOT_CLASS = YES_ERROR;
				CLANG_WARN_SUSPICIOUS_MOVE = YES;
				CLANG_WARN_UNREACHABLE_CODE = YES;
				CLANG_WARN__DUPLICATE_METHOD_MATCH = YES;
				"CODE_SIGN_IDENTITY[sdk=iphoneos*]" = "iPhone Developer";
				COPY_PHASE_STRIP = NO;
				DEBUG_INFORMATION_FORMAT = dwarf;
				ENABLE_STRICT_OBJC_MSGSEND = YES;
				ENABLE_TESTABILITY = YES;
				GCC_C_LANGUAGE_STANDARD = gnu99;
				GCC_DYNAMIC_NO_PIC = NO;
				GCC_NO_COMMON_BLOCKS = YES;
				GCC_OPTIMIZATION_LEVEL = 0;
				GCC_PREPROCESSOR_DEFINITIONS = (
					"DEBUG=1",
					"$(inherited)",
				);
				GCC_WARN_64_TO_32_BIT_CONVERSION = YES;
				GCC_WARN_ABOUT_RETURN_TYPE = YES_ERROR;
				GCC_WARN_UNDECLARED_SELECTOR = YES;
				GCC_WARN_UNINITIALIZED_AUTOS = YES_AGGRESSIVE;
				GCC_WARN_UNUSED_FUNCTION = YES;
				GCC_WARN_UNUSED_VARIABLE = YES;
				IPHONEOS_DEPLOYMENT_TARGET = 10.3;
				MTL_ENABLE_DEBUG_INFO = YES;
				ONLY_ACTIVE_ARCH = YES;
				SDKROOT = iphoneos;
				SWIFT_ACTIVE_COMPILATION_CONDITIONS = DEBUG;
				SWIFT_OPTIMIZATION_LEVEL = "-Onone";
				TARGETED_DEVICE_FAMILY = "1,2";
			};
			name = Debug;
		};
		2A201B142032B15500475862 /* Release */ = {
			isa = XCBuildConfiguration;
			buildSettings = {
				ALWAYS_SEARCH_USER_PATHS = NO;
				CLANG_ANALYZER_NONNULL = YES;
				CLANG_ANALYZER_NUMBER_OBJECT_CONVERSION = YES_AGGRESSIVE;
				CLANG_CXX_LANGUAGE_STANDARD = "gnu++0x";
				CLANG_CXX_LIBRARY = "libc++";
				CLANG_ENABLE_MODULES = YES;
				CLANG_ENABLE_OBJC_ARC = YES;
				CLANG_WARN_BOOL_CONVERSION = YES;
				CLANG_WARN_CONSTANT_CONVERSION = YES;
				CLANG_WARN_DIRECT_OBJC_ISA_USAGE = YES_ERROR;
				CLANG_WARN_DOCUMENTATION_COMMENTS = YES;
				CLANG_WARN_EMPTY_BODY = YES;
				CLANG_WARN_ENUM_CONVERSION = YES;
				CLANG_WARN_INFINITE_RECURSION = YES;
				CLANG_WARN_INT_CONVERSION = YES;
				CLANG_WARN_OBJC_ROOT_CLASS = YES_ERROR;
				CLANG_WARN_SUSPICIOUS_MOVE = YES;
				CLANG_WARN_UNREACHABLE_CODE = YES;
				CLANG_WARN__DUPLICATE_METHOD_MATCH = YES;
				"CODE_SIGN_IDENTITY[sdk=iphoneos*]" = "iPhone Developer";
				COPY_PHASE_STRIP = NO;
				DEBUG_INFORMATION_FORMAT = "dwarf-with-dsym";
				ENABLE_NS_ASSERTIONS = NO;
				ENABLE_STRICT_OBJC_MSGSEND = YES;
				GCC_C_LANGUAGE_STANDARD = gnu99;
				GCC_NO_COMMON_BLOCKS = YES;
				GCC_WARN_64_TO_32_BIT_CONVERSION = YES;
				GCC_WARN_ABOUT_RETURN_TYPE = YES_ERROR;
				GCC_WARN_UNDECLARED_SELECTOR = YES;
				GCC_WARN_UNINITIALIZED_AUTOS = YES_AGGRESSIVE;
				GCC_WARN_UNUSED_FUNCTION = YES;
				GCC_WARN_UNUSED_VARIABLE = YES;
				IPHONEOS_DEPLOYMENT_TARGET = 10.3;
				MTL_ENABLE_DEBUG_INFO = NO;
				SDKROOT = iphoneos;
				SWIFT_OPTIMIZATION_LEVEL = "-Owholemodule";
				TARGETED_DEVICE_FAMILY = "1,2";
				VALIDATE_PRODUCT = YES;
			};
			name = Release;
		};
		2A201B162032B15500475862 /* Debug */ = {
			isa = XCBuildConfiguration;
			baseConfigurationReference = 03FBF8361278755777883CDF /* Pods-NewTodoApp.debug.xcconfig */;
			buildSettings = {
				ASSETCATALOG_COMPILER_APPICON_NAME = AppIcon;
				DEVELOPMENT_TEAM = KM23S7D9W4;
				INFOPLIST_FILE = NewTodoApp/Info.plist;
				LD_RUNPATH_SEARCH_PATHS = "$(inherited) @executable_path/Frameworks";
				PRODUCT_BUNDLE_IDENTIFIER = ith.todoapp.NewTodoApp;
				PRODUCT_NAME = "$(TARGET_NAME)";
				SWIFT_VERSION = 3.0;
			};
			name = Debug;
		};
		2A201B172032B15500475862 /* Release */ = {
			isa = XCBuildConfiguration;
			baseConfigurationReference = C7CC7E0A633B369952DC77E1 /* Pods-NewTodoApp.release.xcconfig */;
			buildSettings = {
				ASSETCATALOG_COMPILER_APPICON_NAME = AppIcon;
				DEVELOPMENT_TEAM = KM23S7D9W4;
				INFOPLIST_FILE = NewTodoApp/Info.plist;
				LD_RUNPATH_SEARCH_PATHS = "$(inherited) @executable_path/Frameworks";
				PRODUCT_BUNDLE_IDENTIFIER = ith.todoapp.NewTodoApp;
				PRODUCT_NAME = "$(TARGET_NAME)";
				SWIFT_VERSION = 3.0;
			};
			name = Release;
		};
/* End XCBuildConfiguration section */

/* Begin XCConfigurationList section */
		2A201AFE2032B15500475862 /* Build configuration list for PBXProject "NewTodoApp" */ = {
			isa = XCConfigurationList;
			buildConfigurations = (
				2A201B132032B15500475862 /* Debug */,
				2A201B142032B15500475862 /* Release */,
			);
			defaultConfigurationIsVisible = 0;
			defaultConfigurationName = Release;
		};
		2A201B152032B15500475862 /* Build configuration list for PBXNativeTarget "NewTodoApp" */ = {
			isa = XCConfigurationList;
			buildConfigurations = (
				2A201B162032B15500475862 /* Debug */,
				2A201B172032B15500475862 /* Release */,
			);
			defaultConfigurationIsVisible = 0;
			defaultConfigurationName = Release;
		};
/* End XCConfigurationList section */
	};
	rootObject = 2A201AFB2032B15500475862 /* Project object */;
}
